# THIS IS AN AUTOGENERATED FILE. DO NOT EDIT THIS FILE DIRECTLY.
# yarn lockfile v1


bootstrap@^3.3.7:
  version "3.3.7"
  resolved "https://registry.yarnpkg.com/bootstrap/-/bootstrap-3.3.7.tgz#5a389394549f23330875a3b150656574f8a9eb71"

jquery@^3.2.1:
  version "3.2.1"
  resolved "https://registry.yarnpkg.com/jquery/-/jquery-3.2.1.tgz#5c4d9de652af6cd0a770154a631bba12b015c787"

sweetalert2@^7.3.2:
  version "7.3.2"
  resolved "https://registry.yarnpkg.com/sweetalert2/-/sweetalert2-7.3.2.tgz#744c7ca5ab398d1bf82f2cd9bcd9e9b2572935f5"
